
Microsoft Visual Studio Solution File, Format Version 12.00
# Visual Studio Version 17
VisualStudioVersion = 17.11.35312.102
MinimumVisualStudioVersion = 10.0.40219.1
Project("{FAE04EC0-301F-11D3-BF4B-00C04F79EFBC}") = "WinFormsApp1", "WinFormsApp1.csproj", "{11AB3D96-A48C-4138-922F-51676B9F61BF}"
EndProject
Global
	GlobalSection(SolutionConfigurationPlatforms) = preSolution
		Debug|Any CPU = Debug|Any CPU
		Release|Any CPU = Release|Any CPU
	EndGlobalSection
	GlobalSection(ProjectConfigurationPlatforms) = postSolution
		{11AB3D96-A48C-4138-922F-51676B9F61BF}.Debug|Any CPU.ActiveCfg = Debug|Any CPU
		{11AB3D96-A48C-4138-922F-51676B9F61BF}.Debug|Any CPU.Build.0 = Debug|Any CPU
		{11AB3D96-A48C-4138-922F-51676B9F61BF}.Release|Any CPU.ActiveCfg = Release|Any CPU
		{11AB3D96-A48C-4138-922F-51676B9F61BF}.Release|Any CPU.Build.0 = Release|Any CPU
	EndGlobalSection
	GlobalSection(SolutionProperties) = preSolution
		HideSolutionNode = FALSE
	EndGlobalSection
	GlobalSection(ExtensibilityGlobals) = postSolution
		SolutionGuid = {F796A5B9-D69A-47B6-A0A1-012FDE7E8311}
	EndGlobalSection
EndGlobal
